
Microsoft Visual Studio Solution File, Format Version 12.00
# Visual Studio Version 17
VisualStudioVersion = 17.10.35027.167
MinimumVisualStudioVersion = 10.0.40219.1
Project("{9A19103F-16F7-4668-BE54-9A1E7A4F7556}") = "Yasapp.Api", "Yasapp.Api\Yasapp.Api.csproj", "{4880BDFE-9F88-4D29-9CE2-AACED20BD2DA}"
EndProject
Project("{9A19103F-16F7-4668-BE54-9A1E7A4F7556}") = "Yasapp.Application", "Yasapp.Application\Yasapp.Application.csproj", "{1D650401-70B3-4EFB-AEBB-172AC799C6D7}"
EndProject
Project("{9A19103F-16F7-4668-BE54-9A1E7A4F7556}") = "Yasapp.Domain", "Yasapp.Domain\Yasapp.Domain.csproj", "{BA5DF0A0-9CF0-4E72-8712-64739DE6C882}"
EndProject
Project("{9A19103F-16F7-4668-BE54-9A1E7A4F7556}") = "Yasapp.Infrastructure", "Yasapp.Infrastructure\Yasapp.Infrastructure.csproj", "{A306344B-A083-4009-8140-0614F3A699DB}"
EndProject
Project("{9A19103F-16F7-4668-BE54-9A1E7A4F7556}") = "Yasapp.Shared", "Yasapp.Shared\Yasapp.Shared.csproj", "{BAE1DDF8-B49C-4945-8D0F-33986FFE04AD}"
EndProject
Global
	GlobalSection(SolutionConfigurationPlatforms) = preSolution
		Debug|Any CPU = Debug|Any CPU
		Release|Any CPU = Release|Any CPU
	EndGlobalSection
	GlobalSection(ProjectConfigurationPlatforms) = postSolution
		{4880BDFE-9F88-4D29-9CE2-AACED20BD2DA}.Debug|Any CPU.ActiveCfg = Debug|Any CPU
		{4880BDFE-9F88-4D29-9CE2-AACED20BD2DA}.Debug|Any CPU.Build.0 = Debug|Any CPU
		{4880BDFE-9F88-4D29-9CE2-AACED20BD2DA}.Release|Any CPU.ActiveCfg = Release|Any CPU
		{4880BDFE-9F88-4D29-9CE2-AACED20BD2DA}.Release|Any CPU.Build.0 = Release|Any CPU
		{1D650401-70B3-4EFB-AEBB-172AC799C6D7}.Debug|Any CPU.ActiveCfg = Debug|Any CPU
		{1D650401-70B3-4EFB-AEBB-172AC799C6D7}.Debug|Any CPU.Build.0 = Debug|Any CPU
		{1D650401-70B3-4EFB-AEBB-172AC799C6D7}.Release|Any CPU.ActiveCfg = Release|Any CPU
		{1D650401-70B3-4EFB-AEBB-172AC799C6D7}.Release|Any CPU.Build.0 = Release|Any CPU
		{BA5DF0A0-9CF0-4E72-8712-64739DE6C882}.Debug|Any CPU.ActiveCfg = Debug|Any CPU
		{BA5DF0A0-9CF0-4E72-8712-64739DE6C882}.Debug|Any CPU.Build.0 = Debug|Any CPU
		{BA5DF0A0-9CF0-4E72-8712-64739DE6C882}.Release|Any CPU.ActiveCfg = Release|Any CPU
		{BA5DF0A0-9CF0-4E72-8712-64739DE6C882}.Release|Any CPU.Build.0 = Release|Any CPU
		{A306344B-A083-4009-8140-0614F3A699DB}.Debug|Any CPU.ActiveCfg = Debug|Any CPU
		{A306344B-A083-4009-8140-0614F3A699DB}.Debug|Any CPU.Build.0 = Debug|Any CPU
		{A306344B-A083-4009-8140-0614F3A699DB}.Release|Any CPU.ActiveCfg = Release|Any CPU
		{A306344B-A083-4009-8140-0614F3A699DB}.Release|Any CPU.Build.0 = Release|Any CPU
		{BAE1DDF8-B49C-4945-8D0F-33986FFE04AD}.Debug|Any CPU.ActiveCfg = Debug|Any CPU
		{BAE1DDF8-B49C-4945-8D0F-33986FFE04AD}.Debug|Any CPU.Build.0 = Debug|Any CPU
		{BAE1DDF8-B49C-4945-8D0F-33986FFE04AD}.Release|Any CPU.ActiveCfg = Release|Any CPU
		{BAE1DDF8-B49C-4945-8D0F-33986FFE04AD}.Release|Any CPU.Build.0 = Release|Any CPU
	EndGlobalSection
	GlobalSection(SolutionProperties) = preSolution
		HideSolutionNode = FALSE
	EndGlobalSection
	GlobalSection(ExtensibilityGlobals) = postSolution
		SolutionGuid = {9D6E066D-27B3-44C5-B3F3-A7069C3B5DB9}
	EndGlobalSection
EndGlobal
